// !$*UTF8*$!
{
	archiveVersion = 1;
	classes = {
	};
	objectVersion = 56;
	objects = {

/* Begin PBXBuildFile section */
		FB84C2082CDD697F00D810FE /* VistaDeCeldaEspecies.swift in Sources */ = {isa = PBXBuildFile; fileRef = FB84C2072CDD697F00D810FE /* VistaDeCeldaEspecies.swift */; };
		FB84C20A2CDD722800D810FE /* ControladorPantallaInfoEspecie.swift in Sources */ = {isa = PBXBuildFile; fileRef = FB84C2092CDD722800D810FE /* ControladorPantallaInfoEspecie.swift */; };
		FB84C20D2CDD7BC000D810FE /* mod_navegador_principal.swift in Sources */ = {isa = PBXBuildFile; fileRef = FB84C20C2CDD7BC000D810FE /* mod_navegador_principal.swift */; };
		FB84C2102CDD7C1F00D810FE /* Provedor_Informacion.swift in Sources */ = {isa = PBXBuildFile; fileRef = FB84C20F2CDD7C1F00D810FE /* Provedor_Informacion.swift */; };
		FB84C2122CDD7F5F00D810FE /* VistaInfoEspecies.swift in Sources */ = {isa = PBXBuildFile; fileRef = FB84C2112CDD7F5F00D810FE /* VistaInfoEspecies.swift */; };
		FB978B732CDBD4700026A4A8 /* AppDelegate.swift in Sources */ = {isa = PBXBuildFile; fileRef = FB978B722CDBD4700026A4A8 /* AppDelegate.swift */; };
		FB978B752CDBD4700026A4A8 /* SceneDelegate.swift in Sources */ = {isa = PBXBuildFile; fileRef = FB978B742CDBD4700026A4A8 /* SceneDelegate.swift */; };
		FB978B772CDBD4700026A4A8 /* ViewController.swift in Sources */ = {isa = PBXBuildFile; fileRef = FB978B762CDBD4700026A4A8 /* ViewController.swift */; };
		FB978B7A2CDBD4700026A4A8 /* Base in Resources */ = {isa = PBXBuildFile; fileRef = FB978B792CDBD4700026A4A8 /* Base */; };
		FB978B7C2CDBD4700026A4A8 /* Assets.xcassets in Resources */ = {isa = PBXBuildFile; fileRef = FB978B7B2CDBD4700026A4A8 /* Assets.xcassets */; };
		FB978B7F2CDBD4700026A4A8 /* Base in Resources */ = {isa = PBXBuildFile; fileRef = FB978B7E2CDBD4700026A4A8 /* Base */; };
		FB978B8A2CDBD4700026A4A8 /* WikiStarTests.swift in Sources */ = {isa = PBXBuildFile; fileRef = FB978B892CDBD4700026A4A8 /* WikiStarTests.swift */; };
		FB978B942CDBD4700026A4A8 /* WikiStarUITests.swift in Sources */ = {isa = PBXBuildFile; fileRef = FB978B932CDBD4700026A4A8 /* WikiStarUITests.swift */; };
		FB978B962CDBD4700026A4A8 /* WikiStarUITestsLaunchTests.swift in Sources */ = {isa = PBXBuildFile; fileRef = FB978B952CDBD4700026A4A8 /* WikiStarUITestsLaunchTests.swift */; };
		FB978BA42CDBD9850026A4A8 /* fondoEstrellas.jpg in Resources */ = {isa = PBXBuildFile; fileRef = FB978BA32CDBD9850026A4A8 /* fondoEstrellas.jpg */; };
		FB978BA92CDBE0860026A4A8 /* Species.swift in Sources */ = {isa = PBXBuildFile; fileRef = FB978BA82CDBE0860026A4A8 /* Species.swift */; };
		FB978BAB2CDBE0B10026A4A8 /* SpeciesControladorPantalla.swift in Sources */ = {isa = PBXBuildFile; fileRef = FB978BAA2CDBE0B10026A4A8 /* SpeciesControladorPantalla.swift */; };
		FBAF77392CE2682500F2B4FC /* PlanetasControladorPantalla.swift in Sources */ = {isa = PBXBuildFile; fileRef = FBAF77382CE2682500F2B4FC /* PlanetasControladorPantalla.swift */; };
		FBAF773C2CE2692E00F2B4FC /* ProveedorInfoPlanetas.swift in Sources */ = {isa = PBXBuildFile; fileRef = FBAF773B2CE2692E00F2B4FC /* ProveedorInfoPlanetas.swift */; };
		FBAF773E2CE269FB00F2B4FC /* Planets.swift in Sources */ = {isa = PBXBuildFile; fileRef = FBAF773D2CE269FB00F2B4FC /* Planets.swift */; };
		FBAF77402CE26C0900F2B4FC /* VistaDeCeldaPlanetas.swift in Sources */ = {isa = PBXBuildFile; fileRef = FBAF773F2CE26C0900F2B4FC /* VistaDeCeldaPlanetas.swift */; };
		FBAF77422CE26D1C00F2B4FC /* PantallaDePlanetasInfo.swift in Sources */ = {isa = PBXBuildFile; fileRef = FBAF77412CE26D1C00F2B4FC /* PantallaDePlanetasInfo.swift */; };
		FBD957732CE3FB9500F203AA /* Vehiculos.swift in Sources */ = {isa = PBXBuildFile; fileRef = FBD957722CE3FB9500F203AA /* Vehiculos.swift */; };
		FBD957752CE3FCEB00F203AA /* VehiculosControladorDePantalla.swift in Sources */ = {isa = PBXBuildFile; fileRef = FBD957742CE3FCEB00F203AA /* VehiculosControladorDePantalla.swift */; };
		FBD957772CE3FEA700F203AA /* VistaDeCeldaVehiculos.swift in Sources */ = {isa = PBXBuildFile; fileRef = FBD957762CE3FEA700F203AA /* VistaDeCeldaVehiculos.swift */; };
		FBD957792CE3FF3400F203AA /* PantallaVehiculosInfo.swift in Sources */ = {isa = PBXBuildFile; fileRef = FBD957782CE3FF3400F203AA /* PantallaVehiculosInfo.swift */; };
		FBD9577B2CE3FF9200F203AA /* ProveedorInfoVehiculos.swift in Sources */ = {isa = PBXBuildFile; fileRef = FBD9577A2CE3FF9200F203AA /* ProveedorInfoVehiculos.swift */; };
		FBD9577E2CE40B3000F203AA /* Naves.swift in Sources */ = {isa = PBXBuildFile; fileRef = FBD9577D2CE40B3000F203AA /* Naves.swift */; };
		FBD957802CE40B8A00F203AA /* NavesControladorPantalla.swift in Sources */ = {isa = PBXBuildFile; fileRef = FBD9577F2CE40B8A00F203AA /* NavesControladorPantalla.swift */; };
		FBD957822CE40E5100F203AA /* VistaDeCeldaNaves.swift in Sources */ = {isa = PBXBuildFile; fileRef = FBD957812CE40E5100F203AA /* VistaDeCeldaNaves.swift */; };
		FBD957842CE40EEC00F203AA /* PantallaDeNavesInfo.swift in Sources */ = {isa = PBXBuildFile; fileRef = FBD957832CE40EEC00F203AA /* PantallaDeNavesInfo.swift */; };
		FBD957862CE40F1F00F203AA /* ProveedorInfoNaves.swift in Sources */ = {isa = PBXBuildFile; fileRef = FBD957852CE40F1F00F203AA /* ProveedorInfoNaves.swift */; };
		FBD957B42CE41B6200F203AA /* planetas.png in Resources */ = {isa = PBXBuildFile; fileRef = FBD957AF2CE41B6200F203AA /* planetas.png */; };
		FBD957B52CE41B6200F203AA /* BbyYoda.png in Resources */ = {isa = PBXBuildFile; fileRef = FBD957B02CE41B6200F203AA /* BbyYoda.png */; };
		FBD957B62CE41B6200F203AA /* Naves.png in Resources */ = {isa = PBXBuildFile; fileRef = FBD957B12CE41B6200F203AA /* Naves.png */; };
		FBD957B72CE41B6200F203AA /* Vehiculos.png in Resources */ = {isa = PBXBuildFile; fileRef = FBD957B22CE41B6200F203AA /* Vehiculos.png */; };
		FBD957B82CE41B6200F203AA /* especies.png in Resources */ = {isa = PBXBuildFile; fileRef = FBD957B32CE41B6200F203AA /* especies.png */; };
		FBD957BD2CE41CE700F203AA /* Stjldbl2.ttf in Resources */ = {isa = PBXBuildFile; fileRef = FBD957BA2CE41CE600F203AA /* Stjldbl2.ttf */; };
		FBD957BE2CE41CE700F203AA /* Stjldbl1.ttf in Resources */ = {isa = PBXBuildFile; fileRef = FBD957BB2CE41CE600F203AA /* Stjldbl1.ttf */; };
		FBD957BF2CE41CE700F203AA /* Strjmono.ttf in Resources */ = {isa = PBXBuildFile; fileRef = FBD957BC2CE41CE700F203AA /* Strjmono.ttf */; };
		FBD957C12CE41CF800F203AA /* STJEDISE.TTF in Resources */ = {isa = PBXBuildFile; fileRef = FBD957C02CE41CF800F203AA /* STJEDISE.TTF */; };
		FBD957C32CE41D1300F203AA /* Starjout.ttf in Resources */ = {isa = PBXBuildFile; fileRef = FBD957C22CE41D1300F203AA /* Starjout.ttf */; };
		FBD957C62CE41D2200F203AA /* Starjedi.ttf in Resources */ = {isa = PBXBuildFile; fileRef = FBD957C42CE41D2200F203AA /* Starjedi.ttf */; };
		FBD957C72CE41D2200F203AA /* Starjhol.ttf in Resources */ = {isa = PBXBuildFile; fileRef = FBD957C52CE41D2200F203AA /* Starjhol.ttf */; };
		FBD957C92CE420D100F203AA /* fondoEespecies.jpg in Resources */ = {isa = PBXBuildFile; fileRef = FBD957C82CE420D100F203AA /* fondoEespecies.jpg */; };
		FBD957CB2CE424FD00F203AA /* PRUEBA.jpg in Resources */ = {isa = PBXBuildFile; fileRef = FBD957CA2CE424FD00F203AA /* PRUEBA.jpg */; };
/* End PBXBuildFile section */

/* Begin PBXContainerItemProxy section */
		FB978B862CDBD4700026A4A8 /* PBXContainerItemProxy */ = {
			isa = PBXContainerItemProxy;
			containerPortal = FB978B672CDBD4700026A4A8 /* Project object */;
			proxyType = 1;
			remoteGlobalIDString = FB978B6E2CDBD4700026A4A8;
			remoteInfo = WikiStar;
		};
		FB978B902CDBD4700026A4A8 /* PBXContainerItemProxy */ = {
			isa = PBXContainerItemProxy;
			containerPortal = FB978B672CDBD4700026A4A8 /* Project object */;
			proxyType = 1;
			remoteGlobalIDString = FB978B6E2CDBD4700026A4A8;
			remoteInfo = WikiStar;
		};
/* End PBXContainerItemProxy section */

/* Begin PBXFileReference section */
		FB84C2072CDD697F00D810FE /* VistaDeCeldaEspecies.swift */ = {isa = PBXFileReference; lastKnownFileType = sourcecode.swift; path = VistaDeCeldaEspecies.swift; sourceTree = "<group>"; };
		FB84C2092CDD722800D810FE /* ControladorPantallaInfoEspecie.swift */ = {isa = PBXFileReference; lastKnownFileType = sourcecode.swift; path = ControladorPantallaInfoEspecie.swift; sourceTree = "<group>"; };
		FB84C20C2CDD7BC000D810FE /* mod_navegador_principal.swift */ = {isa = PBXFileReference; lastKnownFileType = sourcecode.swift; path = mod_navegador_principal.swift; sourceTree = "<group>"; };
		FB84C20F2CDD7C1F00D810FE /* Provedor_Informacion.swift */ = {isa = PBXFileReference; lastKnownFileType = sourcecode.swift; path = Provedor_Informacion.swift; sourceTree = "<group>"; };
		FB84C2112CDD7F5F00D810FE /* VistaInfoEspecies.swift */ = {isa = PBXFileReference; lastKnownFileType = sourcecode.swift; path = VistaInfoEspecies.swift; sourceTree = "<group>"; };
		FB978B6F2CDBD4700026A4A8 /* WikiStar.app */ = {isa = PBXFileReference; explicitFileType = wrapper.application; includeInIndex = 0; path = WikiStar.app; sourceTree = BUILT_PRODUCTS_DIR; };
		FB978B722CDBD4700026A4A8 /* AppDelegate.swift */ = {isa = PBXFileReference; lastKnownFileType = sourcecode.swift; path = AppDelegate.swift; sourceTree = "<group>"; };
		FB978B742CDBD4700026A4A8 /* SceneDelegate.swift */ = {isa = PBXFileReference; lastKnownFileType = sourcecode.swift; path = SceneDelegate.swift; sourceTree = "<group>"; };
		FB978B762CDBD4700026A4A8 /* ViewController.swift */ = {isa = PBXFileReference; lastKnownFileType = sourcecode.swift; path = ViewController.swift; sourceTree = "<group>"; };
		FB978B792CDBD4700026A4A8 /* Base */ = {isa = PBXFileReference; lastKnownFileType = file.storyboard; name = Base; path = Base.lproj/Main.storyboard; sourceTree = "<group>"; };
		FB978B7B2CDBD4700026A4A8 /* Assets.xcassets */ = {isa = PBXFileReference; lastKnownFileType = folder.assetcatalog; path = Assets.xcassets; sourceTree = "<group>"; };
		FB978B7E2CDBD4700026A4A8 /* Base */ = {isa = PBXFileReference; lastKnownFileType = file.storyboard; name = Base; path = Base.lproj/LaunchScreen.storyboard; sourceTree = "<group>"; };
		FB978B802CDBD4700026A4A8 /* Info.plist */ = {isa = PBXFileReference; lastKnownFileType = text.plist.xml; path = Info.plist; sourceTree = "<group>"; };
		FB978B852CDBD4700026A4A8 /* WikiStarTests.xctest */ = {isa = PBXFileReference; explicitFileType = wrapper.cfbundle; includeInIndex = 0; path = WikiStarTests.xctest; sourceTree = BUILT_PRODUCTS_DIR; };
		FB978B892CDBD4700026A4A8 /* WikiStarTests.swift */ = {isa = PBXFileReference; lastKnownFileType = sourcecode.swift; path = WikiStarTests.swift; sourceTree = "<group>"; };
		FB978B8F2CDBD4700026A4A8 /* WikiStarUITests.xctest */ = {isa = PBXFileReference; explicitFileType = wrapper.cfbundle; includeInIndex = 0; path = WikiStarUITests.xctest; sourceTree = BUILT_PRODUCTS_DIR; };
		FB978B932CDBD4700026A4A8 /* WikiStarUITests.swift */ = {isa = PBXFileReference; lastKnownFileType = sourcecode.swift; path = WikiStarUITests.swift; sourceTree = "<group>"; };
		FB978B952CDBD4700026A4A8 /* WikiStarUITestsLaunchTests.swift */ = {isa = PBXFileReference; lastKnownFileType = sourcecode.swift; path = WikiStarUITestsLaunchTests.swift; sourceTree = "<group>"; };
		FB978BA32CDBD9850026A4A8 /* fondoEstrellas.jpg */ = {isa = PBXFileReference; lastKnownFileType = image.jpeg; path = fondoEstrellas.jpg; sourceTree = "<group>"; };
		FB978BA82CDBE0860026A4A8 /* Species.swift */ = {isa = PBXFileReference; lastKnownFileType = sourcecode.swift; path = Species.swift; sourceTree = "<group>"; };
		FB978BAA2CDBE0B10026A4A8 /* SpeciesControladorPantalla.swift */ = {isa = PBXFileReference; lastKnownFileType = sourcecode.swift; path = SpeciesControladorPantalla.swift; sourceTree = "<group>"; };
		FBAF77382CE2682500F2B4FC /* PlanetasControladorPantalla.swift */ = {isa = PBXFileReference; lastKnownFileType = sourcecode.swift; path = PlanetasControladorPantalla.swift; sourceTree = "<group>"; };
		FBAF773B2CE2692E00F2B4FC /* ProveedorInfoPlanetas.swift */ = {isa = PBXFileReference; lastKnownFileType = sourcecode.swift; path = ProveedorInfoPlanetas.swift; sourceTree = "<group>"; };
		FBAF773D2CE269FB00F2B4FC /* Planets.swift */ = {isa = PBXFileReference; lastKnownFileType = sourcecode.swift; path = Planets.swift; sourceTree = "<group>"; };
		FBAF773F2CE26C0900F2B4FC /* VistaDeCeldaPlanetas.swift */ = {isa = PBXFileReference; lastKnownFileType = sourcecode.swift; path = VistaDeCeldaPlanetas.swift; sourceTree = "<group>"; };
		FBAF77412CE26D1C00F2B4FC /* PantallaDePlanetasInfo.swift */ = {isa = PBXFileReference; lastKnownFileType = sourcecode.swift; path = PantallaDePlanetasInfo.swift; sourceTree = "<group>"; };
		FBD957722CE3FB9500F203AA /* Vehiculos.swift */ = {isa = PBXFileReference; lastKnownFileType = sourcecode.swift; path = Vehiculos.swift; sourceTree = "<group>"; };
		FBD957742CE3FCEB00F203AA /* VehiculosControladorDePantalla.swift */ = {isa = PBXFileReference; lastKnownFileType = sourcecode.swift; path = VehiculosControladorDePantalla.swift; sourceTree = "<group>"; };
		FBD957762CE3FEA700F203AA /* VistaDeCeldaVehiculos.swift */ = {isa = PBXFileReference; lastKnownFileType = sourcecode.swift; path = VistaDeCeldaVehiculos.swift; sourceTree = "<group>"; };
		FBD957782CE3FF3400F203AA /* PantallaVehiculosInfo.swift */ = {isa = PBXFileReference; lastKnownFileType = sourcecode.swift; path = PantallaVehiculosInfo.swift; sourceTree = "<group>"; };
		FBD9577A2CE3FF9200F203AA /* ProveedorInfoVehiculos.swift */ = {isa = PBXFileReference; lastKnownFileType = sourcecode.swift; path = ProveedorInfoVehiculos.swift; sourceTree = "<group>"; };
		FBD9577D2CE40B3000F203AA /* Naves.swift */ = {isa = PBXFileReference; lastKnownFileType = sourcecode.swift; path = Naves.swift; sourceTree = "<group>"; };
		FBD9577F2CE40B8A00F203AA /* NavesControladorPantalla.swift */ = {isa = PBXFileReference; lastKnownFileType = sourcecode.swift; path = NavesControladorPantalla.swift; sourceTree = "<group>"; };
		FBD957812CE40E5100F203AA /* VistaDeCeldaNaves.swift */ = {isa = PBXFileReference; lastKnownFileType = sourcecode.swift; path = VistaDeCeldaNaves.swift; sourceTree = "<group>"; };
		FBD957832CE40EEC00F203AA /* PantallaDeNavesInfo.swift */ = {isa = PBXFileReference; lastKnownFileType = sourcecode.swift; path = PantallaDeNavesInfo.swift; sourceTree = "<group>"; };
		FBD957852CE40F1F00F203AA /* ProveedorInfoNaves.swift */ = {isa = PBXFileReference; lastKnownFileType = sourcecode.swift; path = ProveedorInfoNaves.swift; sourceTree = "<group>"; };
		FBD957AF2CE41B6200F203AA /* planetas.png */ = {isa = PBXFileReference; lastKnownFileType = image.png; name = planetas.png; path = "../../../../Downloads/iloveimg-resized(3)/planetas.png"; sourceTree = "<group>"; };
		FBD957B02CE41B6200F203AA /* BbyYoda.png */ = {isa = PBXFileReference; lastKnownFileType = image.png; name = BbyYoda.png; path = "../../../../Downloads/iloveimg-resized(3)/BbyYoda.png"; sourceTree = "<group>"; };
		FBD957B12CE41B6200F203AA /* Naves.png */ = {isa = PBXFileReference; lastKnownFileType = image.png; name = Naves.png; path = "../../../../Downloads/iloveimg-resized(3)/Naves.png"; sourceTree = "<group>"; };
		FBD957B22CE41B6200F203AA /* Vehiculos.png */ = {isa = PBXFileReference; lastKnownFileType = image.png; name = Vehiculos.png; path = "../../../../Downloads/iloveimg-resized(3)/Vehiculos.png"; sourceTree = "<group>"; };
		FBD957B32CE41B6200F203AA /* especies.png */ = {isa = PBXFileReference; lastKnownFileType = image.png; name = especies.png; path = "../../../../Downloads/iloveimg-resized(3)/especies.png"; sourceTree = "<group>"; };
		FBD957BA2CE41CE600F203AA /* Stjldbl2.ttf */ = {isa = PBXFileReference; lastKnownFileType = file; path = Stjldbl2.ttf; sourceTree = "<group>"; };
		FBD957BB2CE41CE600F203AA /* Stjldbl1.ttf */ = {isa = PBXFileReference; lastKnownFileType = file; path = Stjldbl1.ttf; sourceTree = "<group>"; };
		FBD957BC2CE41CE700F203AA /* Strjmono.ttf */ = {isa = PBXFileReference; lastKnownFileType = file; path = Strjmono.ttf; sourceTree = "<group>"; };
		FBD957C02CE41CF800F203AA /* STJEDISE.TTF */ = {isa = PBXFileReference; lastKnownFileType = file; path = STJEDISE.TTF; sourceTree = "<group>"; };
		FBD957C22CE41D1300F203AA /* Starjout.ttf */ = {isa = PBXFileReference; lastKnownFileType = file; path = Starjout.ttf; sourceTree = "<group>"; };
		FBD957C42CE41D2200F203AA /* Starjedi.ttf */ = {isa = PBXFileReference; lastKnownFileType = file; path = Starjedi.ttf; sourceTree = "<group>"; };
		FBD957C52CE41D2200F203AA /* Starjhol.ttf */ = {isa = PBXFileReference; lastKnownFileType = file; path = Starjhol.ttf; sourceTree = "<group>"; };
		FBD957C82CE420D100F203AA /* fondoEespecies.jpg */ = {isa = PBXFileReference; lastKnownFileType = image.jpeg; path = fondoEespecies.jpg; sourceTree = "<group>"; };
		FBD957CA2CE424FD00F203AA /* PRUEBA.jpg */ = {isa = PBXFileReference; lastKnownFileType = image.jpeg; path = PRUEBA.jpg; sourceTree = "<group>"; };
/* End PBXFileReference section */

/* Begin PBXFrameworksBuildPhase section */
		FB978B6C2CDBD4700026A4A8 /* Frameworks */ = {
			isa = PBXFrameworksBuildPhase;
			buildActionMask = 2147483647;
			files = (
			);
			runOnlyForDeploymentPostprocessing = 0;
		};
		FB978B822CDBD4700026A4A8 /* Frameworks */ = {
			isa = PBXFrameworksBuildPhase;
			buildActionMask = 2147483647;
			files = (
			);
			runOnlyForDeploymentPostprocessing = 0;
		};
		FB978B8C2CDBD4700026A4A8 /* Frameworks */ = {
			isa = PBXFrameworksBuildPhase;
			buildActionMask = 2147483647;
			files = (
			);
			runOnlyForDeploymentPostprocessing = 0;
		};
/* End PBXFrameworksBuildPhase section */

/* Begin PBXGroup section */
		FB84C20B2CDD7B9F00D810FE /* Estilos */ = {
			isa = PBXGroup;
			children = (
				FB84C20C2CDD7BC000D810FE /* mod_navegador_principal.swift */,
			);
			path = Estilos;
			sourceTree = "<group>";
		};
		FB84C20E2CDD7BE600D810FE /* Provedor */ = {
			isa = PBXGroup;
			children = (
				FB84C20F2CDD7C1F00D810FE /* Provedor_Informacion.swift */,
				FBAF773B2CE2692E00F2B4FC /* ProveedorInfoPlanetas.swift */,
				FBD9577A2CE3FF9200F203AA /* ProveedorInfoVehiculos.swift */,
				FBD957852CE40F1F00F203AA /* ProveedorInfoNaves.swift */,
			);
			path = Provedor;
			sourceTree = "<group>";
		};
		FB978B662CDBD4700026A4A8 = {
			isa = PBXGroup;
			children = (
				FB978B712CDBD4700026A4A8 /* WikiStar */,
				FB978B882CDBD4700026A4A8 /* WikiStarTests */,
				FB978B922CDBD4700026A4A8 /* WikiStarUITests */,
				FB978B702CDBD4700026A4A8 /* Products */,
			);
			sourceTree = "<group>";
		};
		FB978B702CDBD4700026A4A8 /* Products */ = {
			isa = PBXGroup;
			children = (
				FB978B6F2CDBD4700026A4A8 /* WikiStar.app */,
				FB978B852CDBD4700026A4A8 /* WikiStarTests.xctest */,
				FB978B8F2CDBD4700026A4A8 /* WikiStarUITests.xctest */,
			);
			name = Products;
			sourceTree = "<group>";
		};
		FB978B712CDBD4700026A4A8 /* WikiStar */ = {
			isa = PBXGroup;
			children = (
				FBD957B92CE41CB600F203AA /* Tipos */,
				FBD9577C2CE4096200F203AA /* Naves */,
				FBD957702CE3F9F200F203AA /* Vehiculos */,
				FB84C20B2CDD7B9F00D810FE /* Estilos */,
				FB84C20E2CDD7BE600D810FE /* Provedor */,
				FB978BA22CDBD9720026A4A8 /* Imagenes */,
				FBAF77372CE267E200F2B4FC /* Planetas */,
				FB978BA52CDBDE1A0026A4A8 /* Especies */,
				FB978B722CDBD4700026A4A8 /* AppDelegate.swift */,
				FB978B742CDBD4700026A4A8 /* SceneDelegate.swift */,
				FB978B762CDBD4700026A4A8 /* ViewController.swift */,
				FB978B782CDBD4700026A4A8 /* Main.storyboard */,
				FB978B7B2CDBD4700026A4A8 /* Assets.xcassets */,
				FB978B7D2CDBD4700026A4A8 /* LaunchScreen.storyboard */,
				FB978B802CDBD4700026A4A8 /* Info.plist */,
			);
			path = WikiStar;
			sourceTree = "<group>";
		};
		FB978B882CDBD4700026A4A8 /* WikiStarTests */ = {
			isa = PBXGroup;
			children = (
				FB978B892CDBD4700026A4A8 /* WikiStarTests.swift */,
			);
			path = WikiStarTests;
			sourceTree = "<group>";
		};
		FB978B922CDBD4700026A4A8 /* WikiStarUITests */ = {
			isa = PBXGroup;
			children = (
				FB978B932CDBD4700026A4A8 /* WikiStarUITests.swift */,
				FB978B952CDBD4700026A4A8 /* WikiStarUITestsLaunchTests.swift */,
			);
			path = WikiStarUITests;
			sourceTree = "<group>";
		};
		FB978BA22CDBD9720026A4A8 /* Imagenes */ = {
			isa = PBXGroup;
			children = (
				FB978BA32CDBD9850026A4A8 /* fondoEstrellas.jpg */,
				FBD957B02CE41B6200F203AA /* BbyYoda.png */,
				FBD957C82CE420D100F203AA /* fondoEespecies.jpg */,
				FBD957CA2CE424FD00F203AA /* PRUEBA.jpg */,
				FBD957B32CE41B6200F203AA /* especies.png */,
				FBD957B12CE41B6200F203AA /* Naves.png */,
				FBD957AF2CE41B6200F203AA /* planetas.png */,
				FBD957B22CE41B6200F203AA /* Vehiculos.png */,
			);
			name = Imagenes;
			sourceTree = "<group>";
		};
		FB978BA52CDBDE1A0026A4A8 /* Especies */ = {
			isa = PBXGroup;
			children = (
				FB978BA82CDBE0860026A4A8 /* Species.swift */,
				FB978BAA2CDBE0B10026A4A8 /* SpeciesControladorPantalla.swift */,
				FB84C2072CDD697F00D810FE /* VistaDeCeldaEspecies.swift */,
				FB84C2092CDD722800D810FE /* ControladorPantallaInfoEspecie.swift */,
				FB84C2112CDD7F5F00D810FE /* VistaInfoEspecies.swift */,
			);
			path = Especies;
			sourceTree = "<group>";
		};
		FBAF77372CE267E200F2B4FC /* Planetas */ = {
			isa = PBXGroup;
			children = (
				FBAF77382CE2682500F2B4FC /* PlanetasControladorPantalla.swift */,
				FBAF773D2CE269FB00F2B4FC /* Planets.swift */,
				FBAF773F2CE26C0900F2B4FC /* VistaDeCeldaPlanetas.swift */,
				FBAF77412CE26D1C00F2B4FC /* PantallaDePlanetasInfo.swift */,
			);
			name = Planetas;
			sourceTree = "<group>";
		};
		FBD957702CE3F9F200F203AA /* Vehiculos */ = {
			isa = PBXGroup;
			children = (
				FBD957722CE3FB9500F203AA /* Vehiculos.swift */,
				FBD957742CE3FCEB00F203AA /* VehiculosControladorDePantalla.swift */,
				FBD957762CE3FEA700F203AA /* VistaDeCeldaVehiculos.swift */,
				FBD957782CE3FF3400F203AA /* PantallaVehiculosInfo.swift */,
			);
			name = Vehiculos;
			path = ..;
			sourceTree = "<group>";
		};
		FBD9577C2CE4096200F203AA /* Naves */ = {
			isa = PBXGroup;
			children = (
				FBD9577D2CE40B3000F203AA /* Naves.swift */,
				FBD9577F2CE40B8A00F203AA /* NavesControladorPantalla.swift */,
				FBD957812CE40E5100F203AA /* VistaDeCeldaNaves.swift */,
				FBD957832CE40EEC00F203AA /* PantallaDeNavesInfo.swift */,
			);
			path = Naves;
			sourceTree = "<group>";
		};
		FBD957B92CE41CB600F203AA /* Tipos */ = {
			isa = PBXGroup;
			children = (
				FBD957C42CE41D2200F203AA /* Starjedi.ttf */,
				FBD957C52CE41D2200F203AA /* Starjhol.ttf */,
				FBD957C22CE41D1300F203AA /* Starjout.ttf */,
				FBD957C02CE41CF800F203AA /* STJEDISE.TTF */,
				FBD957BB2CE41CE600F203AA /* Stjldbl1.ttf */,
				FBD957BA2CE41CE600F203AA /* Stjldbl2.ttf */,
				FBD957BC2CE41CE700F203AA /* Strjmono.ttf */,
			);
			path = Tipos;
			sourceTree = "<group>";
		};
/* End PBXGroup section */

/* Begin PBXNativeTarget section */
		FB978B6E2CDBD4700026A4A8 /* WikiStar */ = {
			isa = PBXNativeTarget;
			buildConfigurationList = FB978B992CDBD4700026A4A8 /* Build configuration list for PBXNativeTarget "WikiStar" */;
			buildPhases = (
				FB978B6B2CDBD4700026A4A8 /* Sources */,
				FB978B6C2CDBD4700026A4A8 /* Frameworks */,
				FB978B6D2CDBD4700026A4A8 /* Resources */,
			);
			buildRules = (
			);
			dependencies = (
			);
			name = WikiStar;
			productName = WikiStar;
			productReference = FB978B6F2CDBD4700026A4A8 /* WikiStar.app */;
			productType = "com.apple.product-type.application";
		};
		FB978B842CDBD4700026A4A8 /* WikiStarTests */ = {
			isa = PBXNativeTarget;
			buildConfigurationList = FB978B9C2CDBD4700026A4A8 /* Build configuration list for PBXNativeTarget "WikiStarTests" */;
			buildPhases = (
				FB978B812CDBD4700026A4A8 /* Sources */,
				FB978B822CDBD4700026A4A8 /* Frameworks */,
				FB978B832CDBD4700026A4A8 /* Resources */,
			);
			buildRules = (
			);
			dependencies = (
				FB978B872CDBD4700026A4A8 /* PBXTargetDependency */,
			);
			name = WikiStarTests;
			productName = WikiStarTests;
			productReference = FB978B852CDBD4700026A4A8 /* WikiStarTests.xctest */;
			productType = "com.apple.product-type.bundle.unit-test";
		};
		FB978B8E2CDBD4700026A4A8 /* WikiStarUITests */ = {
			isa = PBXNativeTarget;
			buildConfigurationList = FB978B9F2CDBD4700026A4A8 /* Build configuration list for PBXNativeTarget "WikiStarUITests" */;
			buildPhases = (
				FB978B8B2CDBD4700026A4A8 /* Sources */,
				FB978B8C2CDBD4700026A4A8 /* Frameworks */,
				FB978B8D2CDBD4700026A4A8 /* Resources */,
			);
			buildRules = (
			);
			dependencies = (
				FB978B912CDBD4700026A4A8 /* PBXTargetDependency */,
			);
			name = WikiStarUITests;
			productName = WikiStarUITests;
			productReference = FB978B8F2CDBD4700026A4A8 /* WikiStarUITests.xctest */;
			productType = "com.apple.product-type.bundle.ui-testing";
		};
/* End PBXNativeTarget section */

/* Begin PBXProject section */
		FB978B672CDBD4700026A4A8 /* Project object */ = {
			isa = PBXProject;
			attributes = {
				BuildIndependentTargetsInParallel = 1;
				LastSwiftUpdateCheck = 1540;
				LastUpgradeCheck = 1540;
				TargetAttributes = {
					FB978B6E2CDBD4700026A4A8 = {
						CreatedOnToolsVersion = 15.4;
					};
					FB978B842CDBD4700026A4A8 = {
						CreatedOnToolsVersion = 15.4;
						TestTargetID = FB978B6E2CDBD4700026A4A8;
					};
					FB978B8E2CDBD4700026A4A8 = {
						CreatedOnToolsVersion = 15.4;
						TestTargetID = FB978B6E2CDBD4700026A4A8;
					};
				};
			};
			buildConfigurationList = FB978B6A2CDBD4700026A4A8 /* Build configuration list for PBXProject "WikiStar" */;
			compatibilityVersion = "Xcode 14.0";
			developmentRegion = en;
			hasScannedForEncodings = 0;
			knownRegions = (
				en,
				Base,
			);
			mainGroup = FB978B662CDBD4700026A4A8;
			productRefGroup = FB978B702CDBD4700026A4A8 /* Products */;
			projectDirPath = "";
			projectRoot = "";
			targets = (
				FB978B6E2CDBD4700026A4A8 /* WikiStar */,
				FB978B842CDBD4700026A4A8 /* WikiStarTests */,
				FB978B8E2CDBD4700026A4A8 /* WikiStarUITests */,
			);
		};
/* End PBXProject section */

/* Begin PBXResourcesBuildPhase section */
		FB978B6D2CDBD4700026A4A8 /* Resources */ = {
			isa = PBXResourcesBuildPhase;
			buildActionMask = 2147483647;
			files = (
				FBD957C32CE41D1300F203AA /* Starjout.ttf in Resources */,
				FBD957BF2CE41CE700F203AA /* Strjmono.ttf in Resources */,
				FBD957C92CE420D100F203AA /* fondoEespecies.jpg in Resources */,
				FB978B7C2CDBD4700026A4A8 /* Assets.xcassets in Resources */,
				FBD957CB2CE424FD00F203AA /* PRUEBA.jpg in Resources */,
				FB978B7F2CDBD4700026A4A8 /* Base in Resources */,
				FBD957C12CE41CF800F203AA /* STJEDISE.TTF in Resources */,
				FBD957B72CE41B6200F203AA /* Vehiculos.png in Resources */,
				FBD957B52CE41B6200F203AA /* BbyYoda.png in Resources */,
				FBD957BE2CE41CE700F203AA /* Stjldbl1.ttf in Resources */,
				FB978BA42CDBD9850026A4A8 /* fondoEstrellas.jpg in Resources */,
				FBD957BD2CE41CE700F203AA /* Stjldbl2.ttf in Resources */,
				FB978B7A2CDBD4700026A4A8 /* Base in Resources */,
				FBD957B82CE41B6200F203AA /* especies.png in Resources */,
				FBD957B62CE41B6200F203AA /* Naves.png in Resources */,
				FBD957C62CE41D2200F203AA /* Starjedi.ttf in Resources */,
				FBD957B42CE41B6200F203AA /* planetas.png in Resources */,
				FBD957C72CE41D2200F203AA /* Starjhol.ttf in Resources */,
			);
			runOnlyForDeploymentPostprocessing = 0;
		};
		FB978B832CDBD4700026A4A8 /* Resources */ = {
			isa = PBXResourcesBuildPhase;
			buildActionMask = 2147483647;
			files = (
			);
			runOnlyForDeploymentPostprocessing = 0;
		};
		FB978B8D2CDBD4700026A4A8 /* Resources */ = {
			isa = PBXResourcesBuildPhase;
			buildActionMask = 2147483647;
			files = (
			);
			runOnlyForDeploymentPostprocessing = 0;
		};
/* End PBXResourcesBuildPhase section */

/* Begin PBXSourcesBuildPhase section */
		FB978B6B2CDBD4700026A4A8 /* Sources */ = {
			isa = PBXSourcesBuildPhase;
			buildActionMask = 2147483647;
			files = (
				FBAF773C2CE2692E00F2B4FC /* ProveedorInfoPlanetas.swift in Sources */,
				FBD957862CE40F1F00F203AA /* ProveedorInfoNaves.swift in Sources */,
				FBAF773E2CE269FB00F2B4FC /* Planets.swift in Sources */,
				FB84C2122CDD7F5F00D810FE /* VistaInfoEspecies.swift in Sources */,
				FBD9577B2CE3FF9200F203AA /* ProveedorInfoVehiculos.swift in Sources */,
				FB978BA92CDBE0860026A4A8 /* Species.swift in Sources */,
				FB84C2082CDD697F00D810FE /* VistaDeCeldaEspecies.swift in Sources */,
				FB978B772CDBD4700026A4A8 /* ViewController.swift in Sources */,
				FBD957792CE3FF3400F203AA /* PantallaVehiculosInfo.swift in Sources */,
				FBAF77422CE26D1C00F2B4FC /* PantallaDePlanetasInfo.swift in Sources */,
				FBD957752CE3FCEB00F203AA /* VehiculosControladorDePantalla.swift in Sources */,
				FBAF77402CE26C0900F2B4FC /* VistaDeCeldaPlanetas.swift in Sources */,
				FB84C20A2CDD722800D810FE /* ControladorPantallaInfoEspecie.swift in Sources */,
				FB978B732CDBD4700026A4A8 /* AppDelegate.swift in Sources */,
				FBD957772CE3FEA700F203AA /* VistaDeCeldaVehiculos.swift in Sources */,
				FBAF77392CE2682500F2B4FC /* PlanetasControladorPantalla.swift in Sources */,
				FB978BAB2CDBE0B10026A4A8 /* SpeciesControladorPantalla.swift in Sources */,
				FBD957732CE3FB9500F203AA /* Vehiculos.swift in Sources */,
				FB84C2102CDD7C1F00D810FE /* Provedor_Informacion.swift in Sources */,
				FBD9577E2CE40B3000F203AA /* Naves.swift in Sources */,
				FBD957842CE40EEC00F203AA /* PantallaDeNavesInfo.swift in Sources */,
				FB978B752CDBD4700026A4A8 /* SceneDelegate.swift in Sources */,
				FBD957802CE40B8A00F203AA /* NavesControladorPantalla.swift in Sources */,
				FBD957822CE40E5100F203AA /* VistaDeCeldaNaves.swift in Sources */,
				FB84C20D2CDD7BC000D810FE /* mod_navegador_principal.swift in Sources */,
			);
			runOnlyForDeploymentPostprocessing = 0;
		};
		FB978B812CDBD4700026A4A8 /* Sources */ = {
			isa = PBXSourcesBuildPhase;
			buildActionMask = 2147483647;
			files = (
				FB978B8A2CDBD4700026A4A8 /* WikiStarTests.swift in Sources */,
			);
			runOnlyForDeploymentPostprocessing = 0;
		};
		FB978B8B2CDBD4700026A4A8 /* Sources */ = {
			isa = PBXSourcesBuildPhase;
			buildActionMask = 2147483647;
			files = (
				FB978B962CDBD4700026A4A8 /* WikiStarUITestsLaunchTests.swift in Sources */,
				FB978B942CDBD4700026A4A8 /* WikiStarUITests.swift in Sources */,
			);
			runOnlyForDeploymentPostprocessing = 0;
		};
/* End PBXSourcesBuildPhase section */

/* Begin PBXTargetDependency section */
		FB978B872CDBD4700026A4A8 /* PBXTargetDependency */ = {
			isa = PBXTargetDependency;
			target = FB978B6E2CDBD4700026A4A8 /* WikiStar */;
			targetProxy = FB978B862CDBD4700026A4A8 /* PBXContainerItemProxy */;
		};
		FB978B912CDBD4700026A4A8 /* PBXTargetDependency */ = {
			isa = PBXTargetDependency;
			target = FB978B6E2CDBD4700026A4A8 /* WikiStar */;
			targetProxy = FB978B902CDBD4700026A4A8 /* PBXContainerItemProxy */;
		};
/* End PBXTargetDependency section */

/* Begin PBXVariantGroup section */
		FB978B782CDBD4700026A4A8 /* Main.storyboard */ = {
			isa = PBXVariantGroup;
			children = (
				FB978B792CDBD4700026A4A8 /* Base */,
			);
			name = Main.storyboard;
			sourceTree = "<group>";
		};
		FB978B7D2CDBD4700026A4A8 /* LaunchScreen.storyboard */ = {
			isa = PBXVariantGroup;
			children = (
				FB978B7E2CDBD4700026A4A8 /* Base */,
			);
			name = LaunchScreen.storyboard;
			sourceTree = "<group>";
		};
/* End PBXVariantGroup section */

/* Begin XCBuildConfiguration section */
		FB978B972CDBD4700026A4A8 /* Debug */ = {
			isa = XCBuildConfiguration;
			buildSettings = {
				ALWAYS_SEARCH_USER_PATHS = NO;
				ASSETCATALOG_COMPILER_GENERATE_SWIFT_ASSET_SYMBOL_EXTENSIONS = YES;
				CLANG_ANALYZER_NONNULL = YES;
				CLANG_ANALYZER_NUMBER_OBJECT_CONVERSION = YES_AGGRESSIVE;
				CLANG_CXX_LANGUAGE_STANDARD = "gnu++20";
				CLANG_ENABLE_MODULES = YES;
				CLANG_ENABLE_OBJC_ARC = YES;
				CLANG_ENABLE_OBJC_WEAK = YES;
				CLANG_WARN_BLOCK_CAPTURE_AUTORELEASING = YES;
				CLANG_WARN_BOOL_CONVERSION = YES;
				CLANG_WARN_COMMA = YES;
				CLANG_WARN_CONSTANT_CONVERSION = YES;
				CLANG_WARN_DEPRECATED_OBJC_IMPLEMENTATIONS = YES;
				CLANG_WARN_DIRECT_OBJC_ISA_USAGE = YES_ERROR;
				CLANG_WARN_DOCUMENTATION_COMMENTS = YES;
				CLANG_WARN_EMPTY_BODY = YES;
				CLANG_WARN_ENUM_CONVERSION = YES;
				CLANG_WARN_INFINITE_RECURSION = YES;
				CLANG_WARN_INT_CONVERSION = YES;
				CLANG_WARN_NON_LITERAL_NULL_CONVERSION = YES;
				CLANG_WARN_OBJC_IMPLICIT_RETAIN_SELF = YES;
				CLANG_WARN_OBJC_LITERAL_CONVERSION = YES;
				CLANG_WARN_OBJC_ROOT_CLASS = YES_ERROR;
				CLANG_WARN_QUOTED_INCLUDE_IN_FRAMEWORK_HEADER = YES;
				CLANG_WARN_RANGE_LOOP_ANALYSIS = YES;
				CLANG_WARN_STRICT_PROTOTYPES = YES;
				CLANG_WARN_SUSPICIOUS_MOVE = YES;
				CLANG_WARN_UNGUARDED_AVAILABILITY = YES_AGGRESSIVE;
				CLANG_WARN_UNREACHABLE_CODE = YES;
				CLANG_WARN__DUPLICATE_METHOD_MATCH = YES;
				COPY_PHASE_STRIP = NO;
				DEBUG_INFORMATION_FORMAT = dwarf;
				ENABLE_STRICT_OBJC_MSGSEND = YES;
				ENABLE_TESTABILITY = YES;
				ENABLE_USER_SCRIPT_SANDBOXING = YES;
				GCC_C_LANGUAGE_STANDARD = gnu17;
				GCC_DYNAMIC_NO_PIC = NO;
				GCC_NO_COMMON_BLOCKS = YES;
				GCC_OPTIMIZATION_LEVEL = 0;
				GCC_PREPROCESSOR_DEFINITIONS = (
					"DEBUG=1",
					"$(inherited)",
				);
				GCC_WARN_64_TO_32_BIT_CONVERSION = YES;
				GCC_WARN_ABOUT_RETURN_TYPE = YES_ERROR;
				GCC_WARN_UNDECLARED_SELECTOR = YES;
				GCC_WARN_UNINITIALIZED_AUTOS = YES_AGGRESSIVE;
				GCC_WARN_UNUSED_FUNCTION = YES;
				GCC_WARN_UNUSED_VARIABLE = YES;
				IPHONEOS_DEPLOYMENT_TARGET = 17.5;
				LOCALIZATION_PREFERS_STRING_CATALOGS = YES;
				MTL_ENABLE_DEBUG_INFO = INCLUDE_SOURCE;
				MTL_FAST_MATH = YES;
				ONLY_ACTIVE_ARCH = YES;
				SDKROOT = iphoneos;
				SWIFT_ACTIVE_COMPILATION_CONDITIONS = "DEBUG $(inherited)";
				SWIFT_OPTIMIZATION_LEVEL = "-Onone";
			};
			name = Debug;
		};
		FB978B982CDBD4700026A4A8 /* Release */ = {
			isa = XCBuildConfiguration;
			buildSettings = {
				ALWAYS_SEARCH_USER_PATHS = NO;
				ASSETCATALOG_COMPILER_GENERATE_SWIFT_ASSET_SYMBOL_EXTENSIONS = YES;
				CLANG_ANALYZER_NONNULL = YES;
				CLANG_ANALYZER_NUMBER_OBJECT_CONVERSION = YES_AGGRESSIVE;
				CLANG_CXX_LANGUAGE_STANDARD = "gnu++20";
				CLANG_ENABLE_MODULES = YES;
				CLANG_ENABLE_OBJC_ARC = YES;
				CLANG_ENABLE_OBJC_WEAK = YES;
				CLANG_WARN_BLOCK_CAPTURE_AUTORELEASING = YES;
				CLANG_WARN_BOOL_CONVERSION = YES;
				CLANG_WARN_COMMA = YES;
				CLANG_WARN_CONSTANT_CONVERSION = YES;
				CLANG_WARN_DEPRECATED_OBJC_IMPLEMENTATIONS = YES;
				CLANG_WARN_DIRECT_OBJC_ISA_USAGE = YES_ERROR;
				CLANG_WARN_DOCUMENTATION_COMMENTS = YES;
				CLANG_WARN_EMPTY_BODY = YES;
				CLANG_WARN_ENUM_CONVERSION = YES;
				CLANG_WARN_INFINITE_RECURSION = YES;
				CLANG_WARN_INT_CONVERSION = YES;
				CLANG_WARN_NON_LITERAL_NULL_CONVERSION = YES;
				CLANG_WARN_OBJC_IMPLICIT_RETAIN_SELF = YES;
				CLANG_WARN_OBJC_LITERAL_CONVERSION = YES;
				CLANG_WARN_OBJC_ROOT_CLASS = YES_ERROR;
				CLANG_WARN_QUOTED_INCLUDE_IN_FRAMEWORK_HEADER = YES;
				CLANG_WARN_RANGE_LOOP_ANALYSIS = YES;
				CLANG_WARN_STRICT_PROTOTYPES = YES;
				CLANG_WARN_SUSPICIOUS_MOVE = YES;
				CLANG_WARN_UNGUARDED_AVAILABILITY = YES_AGGRESSIVE;
				CLANG_WARN_UNREACHABLE_CODE = YES;
				CLANG_WARN__DUPLICATE_METHOD_MATCH = YES;
				COPY_PHASE_STRIP = NO;
				DEBUG_INFORMATION_FORMAT = "dwarf-with-dsym";
				ENABLE_NS_ASSERTIONS = NO;
				ENABLE_STRICT_OBJC_MSGSEND = YES;
				ENABLE_USER_SCRIPT_SANDBOXING = YES;
				GCC_C_LANGUAGE_STANDARD = gnu17;
				GCC_NO_COMMON_BLOCKS = YES;
				GCC_WARN_64_TO_32_BIT_CONVERSION = YES;
				GCC_WARN_ABOUT_RETURN_TYPE = YES_ERROR;
				GCC_WARN_UNDECLARED_SELECTOR = YES;
				GCC_WARN_UNINITIALIZED_AUTOS = YES_AGGRESSIVE;
				GCC_WARN_UNUSED_FUNCTION = YES;
				GCC_WARN_UNUSED_VARIABLE = YES;
				IPHONEOS_DEPLOYMENT_TARGET = 17.5;
				LOCALIZATION_PREFERS_STRING_CATALOGS = YES;
				MTL_ENABLE_DEBUG_INFO = NO;
				MTL_FAST_MATH = YES;
				SDKROOT = iphoneos;
				SWIFT_COMPILATION_MODE = wholemodule;
				VALIDATE_PRODUCT = YES;
			};
			name = Release;
		};
		FB978B9A2CDBD4700026A4A8 /* Debug */ = {
			isa = XCBuildConfiguration;
			buildSettings = {
				ASSETCATALOG_COMPILER_APPICON_NAME = AppIcon;
				ASSETCATALOG_COMPILER_GLOBAL_ACCENT_COLOR_NAME = AccentColor;
				CODE_SIGN_STYLE = Automatic;
				CURRENT_PROJECT_VERSION = 1;
				GENERATE_INFOPLIST_FILE = YES;
				INFOPLIST_FILE = WikiStar/Info.plist;
				INFOPLIST_KEY_UIApplicationSupportsIndirectInputEvents = YES;
				INFOPLIST_KEY_UILaunchStoryboardName = LaunchScreen;
				INFOPLIST_KEY_UIMainStoryboardFile = Main;
				INFOPLIST_KEY_UISupportedInterfaceOrientations_iPad = "UIInterfaceOrientationPortrait UIInterfaceOrientationPortraitUpsideDown UIInterfaceOrientationLandscapeLeft UIInterfaceOrientationLandscapeRight";
				INFOPLIST_KEY_UISupportedInterfaceOrientations_iPhone = "UIInterfaceOrientationPortrait UIInterfaceOrientationLandscapeLeft UIInterfaceOrientationLandscapeRight";
				IPHONEOS_DEPLOYMENT_TARGET = 17.0;
				LD_RUNPATH_SEARCH_PATHS = (
					"$(inherited)",
					"@executable_path/Frameworks",
				);
				MARKETING_VERSION = 1.0;
				PRODUCT_BUNDLE_IDENTIFIER = uacj.mx.StarWars.WikiStar;
				PRODUCT_NAME = "$(TARGET_NAME)";
				SWIFT_EMIT_LOC_STRINGS = YES;
				SWIFT_VERSION = 5.0;
				TARGETED_DEVICE_FAMILY = "1,2";
			};
			name = Debug;
		};
		FB978B9B2CDBD4700026A4A8 /* Release */ = {
			isa = XCBuildConfiguration;
			buildSettings = {
				ASSETCATALOG_COMPILER_APPICON_NAME = AppIcon;
				ASSETCATALOG_COMPILER_GLOBAL_ACCENT_COLOR_NAME = AccentColor;
				CODE_SIGN_STYLE = Automatic;
				CURRENT_PROJECT_VERSION = 1;
				GENERATE_INFOPLIST_FILE = YES;
				INFOPLIST_FILE = WikiStar/Info.plist;
				INFOPLIST_KEY_UIApplicationSupportsIndirectInputEvents = YES;
				INFOPLIST_KEY_UILaunchStoryboardName = LaunchScreen;
				INFOPLIST_KEY_UIMainStoryboardFile = Main;
				INFOPLIST_KEY_UISupportedInterfaceOrientations_iPad = "UIInterfaceOrientationPortrait UIInterfaceOrientationPortraitUpsideDown UIInterfaceOrientationLandscapeLeft UIInterfaceOrientationLandscapeRight";
				INFOPLIST_KEY_UISupportedInterfaceOrientations_iPhone = "UIInterfaceOrientationPortrait UIInterfaceOrientationLandscapeLeft UIInterfaceOrientationLandscapeRight";
				IPHONEOS_DEPLOYMENT_TARGET = 17.0;
				LD_RUNPATH_SEARCH_PATHS = (
					"$(inherited)",
					"@executable_path/Frameworks",
				);
				MARKETING_VERSION = 1.0;
				PRODUCT_BUNDLE_IDENTIFIER = uacj.mx.StarWars.WikiStar;
				PRODUCT_NAME = "$(TARGET_NAME)";
				SWIFT_EMIT_LOC_STRINGS = YES;
				SWIFT_VERSION = 5.0;
				TARGETED_DEVICE_FAMILY = "1,2";
			};
			name = Release;
		};
		FB978B9D2CDBD4700026A4A8 /* Debug */ = {
			isa = XCBuildConfiguration;
			buildSettings = {
				ALWAYS_EMBED_SWIFT_STANDARD_LIBRARIES = YES;
				BUNDLE_LOADER = "$(TEST_HOST)";
				CODE_SIGN_STYLE = Automatic;
				CURRENT_PROJECT_VERSION = 1;
				GENERATE_INFOPLIST_FILE = YES;
				IPHONEOS_DEPLOYMENT_TARGET = 17.5;
				MARKETING_VERSION = 1.0;
				PRODUCT_BUNDLE_IDENTIFIER = uacj.mx.StarWars.WikiStarTests;
				PRODUCT_NAME = "$(TARGET_NAME)";
				SWIFT_EMIT_LOC_STRINGS = NO;
				SWIFT_VERSION = 5.0;
				TARGETED_DEVICE_FAMILY = "1,2";
				TEST_HOST = "$(BUILT_PRODUCTS_DIR)/WikiStar.app/$(BUNDLE_EXECUTABLE_FOLDER_PATH)/WikiStar";
			};
			name = Debug;
		};
		FB978B9E2CDBD4700026A4A8 /* Release */ = {
			isa = XCBuildConfiguration;
			buildSettings = {
				ALWAYS_EMBED_SWIFT_STANDARD_LIBRARIES = YES;
				BUNDLE_LOADER = "$(TEST_HOST)";
				CODE_SIGN_STYLE = Automatic;
				CURRENT_PROJECT_VERSION = 1;
				GENERATE_INFOPLIST_FILE = YES;
				IPHONEOS_DEPLOYMENT_TARGET = 17.5;
				MARKETING_VERSION = 1.0;
				PRODUCT_BUNDLE_IDENTIFIER = uacj.mx.StarWars.WikiStarTests;
				PRODUCT_NAME = "$(TARGET_NAME)";
				SWIFT_EMIT_LOC_STRINGS = NO;
				SWIFT_VERSION = 5.0;
				TARGETED_DEVICE_FAMILY = "1,2";
				TEST_HOST = "$(BUILT_PRODUCTS_DIR)/WikiStar.app/$(BUNDLE_EXECUTABLE_FOLDER_PATH)/WikiStar";
			};
			name = Release;
		};
		FB978BA02CDBD4700026A4A8 /* Debug */ = {
			isa = XCBuildConfiguration;
			buildSettings = {
				ALWAYS_EMBED_SWIFT_STANDARD_LIBRARIES = YES;
				CODE_SIGN_STYLE = Automatic;
				CURRENT_PROJECT_VERSION = 1;
				GENERATE_INFOPLIST_FILE = YES;
				MARKETING_VERSION = 1.0;
				PRODUCT_BUNDLE_IDENTIFIER = uacj.mx.StarWars.WikiStarUITests;
				PRODUCT_NAME = "$(TARGET_NAME)";
				SWIFT_EMIT_LOC_STRINGS = NO;
				SWIFT_VERSION = 5.0;
				TARGETED_DEVICE_FAMILY = "1,2";
				TEST_TARGET_NAME = WikiStar;
			};
			name = Debug;
		};
		FB978BA12CDBD4700026A4A8 /* Release */ = {
			isa = XCBuildConfiguration;
			buildSettings = {
				ALWAYS_EMBED_SWIFT_STANDARD_LIBRARIES = YES;
				CODE_SIGN_STYLE = Automatic;
				CURRENT_PROJECT_VERSION = 1;
				GENERATE_INFOPLIST_FILE = YES;
				MARKETING_VERSION = 1.0;
				PRODUCT_BUNDLE_IDENTIFIER = uacj.mx.StarWars.WikiStarUITests;
				PRODUCT_NAME = "$(TARGET_NAME)";
				SWIFT_EMIT_LOC_STRINGS = NO;
				SWIFT_VERSION = 5.0;
				TARGETED_DEVICE_FAMILY = "1,2";
				TEST_TARGET_NAME = WikiStar;
			};
			name = Release;
		};
/* End XCBuildConfiguration section */

/* Begin XCConfigurationList section */
		FB978B6A2CDBD4700026A4A8 /* Build configuration list for PBXProject "WikiStar" */ = {
			isa = XCConfigurationList;
			buildConfigurations = (
				FB978B972CDBD4700026A4A8 /* Debug */,
				FB978B982CDBD4700026A4A8 /* Release */,
			);
			defaultConfigurationIsVisible = 0;
			defaultConfigurationName = Release;
		};
		FB978B992CDBD4700026A4A8 /* Build configuration list for PBXNativeTarget "WikiStar" */ = {
			isa = XCConfigurationList;
			buildConfigurations = (
				FB978B9A2CDBD4700026A4A8 /* Debug */,
				FB978B9B2CDBD4700026A4A8 /* Release */,
			);
			defaultConfigurationIsVisible = 0;
			defaultConfigurationName = Release;
		};
		FB978B9C2CDBD4700026A4A8 /* Build configuration list for PBXNativeTarget "WikiStarTests" */ = {
			isa = XCConfigurationList;
			buildConfigurations = (
				FB978B9D2CDBD4700026A4A8 /* Debug */,
				FB978B9E2CDBD4700026A4A8 /* Release */,
			);
			defaultConfigurationIsVisible = 0;
			defaultConfigurationName = Release;
		};
		FB978B9F2CDBD4700026A4A8 /* Build configuration list for PBXNativeTarget "WikiStarUITests" */ = {
			isa = XCConfigurationList;
			buildConfigurations = (
				FB978BA02CDBD4700026A4A8 /* Debug */,
				FB978BA12CDBD4700026A4A8 /* Release */,
			);
			defaultConfigurationIsVisible = 0;
			defaultConfigurationName = Release;
		};
/* End XCConfigurationList section */
	};
	rootObject = FB978B672CDBD4700026A4A8 /* Project object */;
}
